
Microsoft Visual Studio Solution File, Format Version 12.00
# Visual Studio Version 17
VisualStudioVersion = 17.0.31912.275
MinimumVisualStudioVersion = 10.0.40219.1
Project("{FAE04EC0-301F-11D3-BF4B-00C04F79EFBC}") = "01-ByteBank", "01-ByteBank\01-ByteBank.csproj", "{C53ED5C1-202C-4884-B3C0-C06DB2BD9DAE}"
EndProject
Project("{FAE04EC0-301F-11D3-BF4B-00C04F79EFBC}") = "02-ByteBank", "02-ByteBank\02-ByteBank.csproj", "{D3BF15F6-F792-40B1-9767-06F9AFE66CE7}"
EndProject
Project("{FAE04EC0-301F-11D3-BF4B-00C04F79EFBC}") = "03-ByteBank", "03-ByteBank\03-ByteBank.csproj", "{34D311AA-391D-444D-ACA5-86B1830CA276}"
EndProject
Project("{FAE04EC0-301F-11D3-BF4B-00C04F79EFBC}") = "04-ByteBank", "04-ByteBank\04-ByteBank.csproj", "{C52985AA-84F2-49E3-917E-000CE3E4AB44}"
EndProject
Project("{FAE04EC0-301F-11D3-BF4B-00C04F79EFBC}") = "05-ByteBank", "05-ByteBank\05-ByteBank.csproj", "{DDB4A5B5-11B4-407F-9906-EC0B88D3FB2C}"
EndProject
Global
	GlobalSection(SolutionConfigurationPlatforms) = preSolution
		Debug|Any CPU = Debug|Any CPU
		Release|Any CPU = Release|Any CPU
	EndGlobalSection
	GlobalSection(ProjectConfigurationPlatforms) = postSolution
		{C53ED5C1-202C-4884-B3C0-C06DB2BD9DAE}.Debug|Any CPU.ActiveCfg = Debug|Any CPU
		{C53ED5C1-202C-4884-B3C0-C06DB2BD9DAE}.Debug|Any CPU.Build.0 = Debug|Any CPU
		{C53ED5C1-202C-4884-B3C0-C06DB2BD9DAE}.Release|Any CPU.ActiveCfg = Release|Any CPU
		{C53ED5C1-202C-4884-B3C0-C06DB2BD9DAE}.Release|Any CPU.Build.0 = Release|Any CPU
		{D3BF15F6-F792-40B1-9767-06F9AFE66CE7}.Debug|Any CPU.ActiveCfg = Debug|Any CPU
		{D3BF15F6-F792-40B1-9767-06F9AFE66CE7}.Debug|Any CPU.Build.0 = Debug|Any CPU
		{D3BF15F6-F792-40B1-9767-06F9AFE66CE7}.Release|Any CPU.ActiveCfg = Release|Any CPU
		{D3BF15F6-F792-40B1-9767-06F9AFE66CE7}.Release|Any CPU.Build.0 = Release|Any CPU
		{34D311AA-391D-444D-ACA5-86B1830CA276}.Debug|Any CPU.ActiveCfg = Debug|Any CPU
		{34D311AA-391D-444D-ACA5-86B1830CA276}.Debug|Any CPU.Build.0 = Debug|Any CPU
		{34D311AA-391D-444D-ACA5-86B1830CA276}.Release|Any CPU.ActiveCfg = Release|Any CPU
		{34D311AA-391D-444D-ACA5-86B1830CA276}.Release|Any CPU.Build.0 = Release|Any CPU
		{C52985AA-84F2-49E3-917E-000CE3E4AB44}.Debug|Any CPU.ActiveCfg = Debug|Any CPU
		{C52985AA-84F2-49E3-917E-000CE3E4AB44}.Debug|Any CPU.Build.0 = Debug|Any CPU
		{C52985AA-84F2-49E3-917E-000CE3E4AB44}.Release|Any CPU.ActiveCfg = Release|Any CPU
		{C52985AA-84F2-49E3-917E-000CE3E4AB44}.Release|Any CPU.Build.0 = Release|Any CPU
		{DDB4A5B5-11B4-407F-9906-EC0B88D3FB2C}.Debug|Any CPU.ActiveCfg = Debug|Any CPU
		{DDB4A5B5-11B4-407F-9906-EC0B88D3FB2C}.Debug|Any CPU.Build.0 = Debug|Any CPU
		{DDB4A5B5-11B4-407F-9906-EC0B88D3FB2C}.Release|Any CPU.ActiveCfg = Release|Any CPU
		{DDB4A5B5-11B4-407F-9906-EC0B88D3FB2C}.Release|Any CPU.Build.0 = Release|Any CPU
	EndGlobalSection
	GlobalSection(SolutionProperties) = preSolution
		HideSolutionNode = FALSE
	EndGlobalSection
	GlobalSection(ExtensibilityGlobals) = postSolution
		SolutionGuid = {D1B4DE1E-111E-4816-9BBF-5149A6F1218E}
	EndGlobalSection
EndGlobal
